metadata:
  name: tipocket-resolve-lock
  namespace: argo
spec:
  templates:
    - name: tipocket-resolve-lock
      inputs:
        parameters:
          - name: ns
            default: tipocket-resolve-lock
          - name: hub
            default: "docker.io"
          - name: purge
            default: "false"
          - name: repository
            default: pingcap
          - name: image-version
            default: nightly
          - name: tidb-image
            default: "hub.pingcap.net/qa/tidb:release-4.0-failpoint"
          - name: tikv-image
            default: "hub.pingcap.net/qa/tikv:release-4.0-failpoint"
          - name: pd-image
            default: "hub.pingcap.net/qa/pd:release-4.0-failpoint"
          - name: storage-class
            default: local-storage
          - name: nemesis
            default: "shuffle-leader-scheduler,shuffle-region-scheduler,random-merge-scheduler,scaling"
          - name: run-time
            default: "6h"
          - name: tikv-replicas
            default: "3"
          - name: loki-addr
            default: "http://gateway.loki.svc"
          - name: loki-username
            default: "loki"
          - name: loki-password
            default: "admin"
          - name: tikv-config
            default: "/config/tikv/split-on-table.toml"
          - name: pd-config
            default: "/config/pd.schedule-region.toml"
      outputs:
        artifacts:
          - name: tidb-logs
            archiveLogs: true
            path: /var/run/tipocket-logs
      metadata:
        labels:
          ns: "{{inputs.parameters.ns}}"
      container:
        name: tipocket
        image: 'pingcap/tipocket:latest'
        imagePullPolicy: Always
        command:
          - sh
          - '-c'
          - |
            /bin/resolve-lock \
            -namespace={{inputs.parameters.ns}} \
            -hub={{inputs.parameters.hub}} \
            -repository={{inputs.parameters.repository}} \
            -storage-class={{inputs.parameters.storage-class}} \
            -image-version={{inputs.parameters.image-version}} \
            -tidb-image={{inputs.parameters.tidb-image}} \
            -tikv-image={{inputs.parameters.tikv-image}} \
            -pd-image={{inputs.parameters.pd-image}} \
            -purge={{inputs.parameters.purge}} \
            -delNS=true \
            -nemesis={{inputs.parameters.nemesis}} \
            -run-time={{inputs.parameters.run-time}} \
            -tikv-replicas={{inputs.parameters.tikv-replicas}} \
            -loki-addr={{inputs.parameters.loki-addr}} \
            -loki-username={{inputs.parameters.loki-username}} \
            -loki-password={{inputs.parameters.loki-password}} \
            -tikv-config={{inputs.parameters.tikv-config}} \
            -pd-config={{inputs.parameters.pd-config}} \
